
Microsoft Visual Studio Solution File, Format Version 12.00
# Visual Studio Version 17
VisualStudioVersion = 17.5.002.0
MinimumVisualStudioVersion = 10.0.40219.1
Project("{9A19103F-16F7-4668-BE54-9A1E7A4F7556}") = "sql-raw-queries-ef", "sql-raw-queries-ef.csproj", "{0430105C-705D-4AE4-8410-1A9ACFB338CC}"
EndProject
Global
	GlobalSection(SolutionConfigurationPlatforms) = preSolution
		Debug|Any CPU = Debug|Any CPU
		Release|Any CPU = Release|Any CPU
	EndGlobalSection
	GlobalSection(ProjectConfigurationPlatforms) = postSolution
		{0430105C-705D-4AE4-8410-1A9ACFB338CC}.Debug|Any CPU.ActiveCfg = Debug|Any CPU
		{0430105C-705D-4AE4-8410-1A9ACFB338CC}.Debug|Any CPU.Build.0 = Debug|Any CPU
		{0430105C-705D-4AE4-8410-1A9ACFB338CC}.Release|Any CPU.ActiveCfg = Release|Any CPU
		{0430105C-705D-4AE4-8410-1A9ACFB338CC}.Release|Any CPU.Build.0 = Release|Any CPU
	EndGlobalSection
	GlobalSection(SolutionProperties) = preSolution
		HideSolutionNode = FALSE
	EndGlobalSection
	GlobalSection(ExtensibilityGlobals) = postSolution
		SolutionGuid = {70B63FD4-9266-45D6-9482-BDE8764A95A9}
	EndGlobalSection
EndGlobal
